{
  "name": "eurocup2026",
  "lockfileVersion": 3,
  "requires": true,
  "packages": {
    "": {
      "dependencies": {
        "passport-headerapikey": "^1.2.2"
      }
    },
    "node_modules/lodash": {
      "version": "4.17.23",
      "resolved": "https://registry.npmjs.org/lodash/-/lodash-4.17.23.tgz",
      "integrity": "sha512-LgVTMpQtIopCi79SJeDiP0TfWi5CNEc/L/aRdTh3yIvmZXTnheWpKjSZhnvMl8iXbC1tFg9gdHHDMLoV7CnG+w==",
      "license": "MIT"
    },
    "node_modules/passport-headerapikey": {
      "version": "1.2.2",
      "resolved": "https://registry.npmjs.org/passport-headerapikey/-/passport-headerapikey-1.2.2.tgz",
      "integrity": "sha512-4BvVJRrWsNJPrd3UoZfcnnl4zvUWYKEtfYkoDsaOKBsrWHYmzTApCjs7qUbncOLexE9ul0IRiYBFfBG0y9IVQA==",
      "license": "MIT",
      "dependencies": {
        "lodash": "^4.17.15",
        "passport-strategy": "^1.0.0"
      }
    },
    "node_modules/passport-strategy": {
      "version": "1.0.0",
      "resolved": "https://registry.npmjs.org/passport-strategy/-/passport-strategy-1.0.0.tgz",
      "integrity": "sha512-CB97UUvDKJde2V0KDWWB3lyf6PC3FaZP7YxZ2G8OAtn9p4HI9j9JLP9qjOGZFvyl8uwNT8qM+hGnz/n16NI7oA==",
      "engines": {
        "node": ">= 0.4.0"
      }
    }
  }
}
