lockfileVersion: '9.0'

settings:
  autoInstallPeers: true
  excludeLinksFromLockfile: false

importers:

  .:
    dependencies:
      passport-headerapikey:
        specifier: ^1.2.2
        version: 1.2.2

packages:

  lodash@4.17.23:
    resolution: {integrity: sha512-LgVTMpQtIopCi79SJeDiP0TfWi5CNEc/L/aRdTh3yIvmZXTnheWpKjSZhnvMl8iXbC1tFg9gdHHDMLoV7CnG+w==}

  passport-headerapikey@1.2.2:
    resolution: {integrity: sha512-4BvVJRrWsNJPrd3UoZfcnnl4zvUWYKEtfYkoDsaOKBsrWHYmzTApCjs7qUbncOLexE9ul0IRiYBFfBG0y9IVQA==}

  passport-strategy@1.0.0:
    resolution: {integrity: sha512-CB97UUvDKJde2V0KDWWB3lyf6PC3FaZP7YxZ2G8OAtn9p4HI9j9JLP9qjOGZFvyl8uwNT8qM+hGnz/n16NI7oA==}
    engines: {node: '>= 0.4.0'}

snapshots:

  lodash@4.17.23: {}

  passport-headerapikey@1.2.2:
    dependencies:
      lodash: 4.17.23
      passport-strategy: 1.0.0

  passport-strategy@1.0.0: {}
